
Microsoft Visual Studio Solution File, Format Version 12.00
# Visual Studio 14
VisualStudioVersion = 14.0.25420.1
MinimumVisualStudioVersion = 10.0.40219.1
Project("{FAE04EC0-301F-11D3-BF4B-00C04F79EFBC}") = "TeapotFactory", "TeapotFactory\TeapotFactory.csproj", "{C5CEEAFD-ADDB-46AF-85E0-D81DCBB76F25}"
EndProject
Project("{FAE04EC0-301F-11D3-BF4B-00C04F79EFBC}") = "TeapotFactoryStandalone", "TeapotFactoryStandalone\TeapotFactoryStandalone.csproj", "{CFB08CEC-2E59-45DB-8A01-AA05BC52D85E}"
EndProject
Project("{FAE04EC0-301F-11D3-BF4B-00C04F79EFBC}") = "TeapotFactoryMax", "TeapotFactoryMax\TeapotFactoryMax.csproj", "{5E4EEE5A-B0FA-44F3-A356-5CBA2E75832E}"
EndProject
Global
	GlobalSection(SolutionConfigurationPlatforms) = preSolution
		Debug|Any CPU = Debug|Any CPU
		Release|Any CPU = Release|Any CPU
	EndGlobalSection
	GlobalSection(ProjectConfigurationPlatforms) = postSolution
		{C5CEEAFD-ADDB-46AF-85E0-D81DCBB76F25}.Debug|Any CPU.ActiveCfg = Debug|Any CPU
		{C5CEEAFD-ADDB-46AF-85E0-D81DCBB76F25}.Debug|Any CPU.Build.0 = Debug|Any CPU
		{C5CEEAFD-ADDB-46AF-85E0-D81DCBB76F25}.Release|Any CPU.ActiveCfg = Release|Any CPU
		{C5CEEAFD-ADDB-46AF-85E0-D81DCBB76F25}.Release|Any CPU.Build.0 = Release|Any CPU
		{CFB08CEC-2E59-45DB-8A01-AA05BC52D85E}.Debug|Any CPU.ActiveCfg = Debug|Any CPU
		{CFB08CEC-2E59-45DB-8A01-AA05BC52D85E}.Debug|Any CPU.Build.0 = Debug|Any CPU
		{CFB08CEC-2E59-45DB-8A01-AA05BC52D85E}.Release|Any CPU.ActiveCfg = Release|Any CPU
		{CFB08CEC-2E59-45DB-8A01-AA05BC52D85E}.Release|Any CPU.Build.0 = Release|Any CPU
		{5E4EEE5A-B0FA-44F3-A356-5CBA2E75832E}.Debug|Any CPU.ActiveCfg = Debug|Any CPU
		{5E4EEE5A-B0FA-44F3-A356-5CBA2E75832E}.Debug|Any CPU.Build.0 = Debug|Any CPU
		{5E4EEE5A-B0FA-44F3-A356-5CBA2E75832E}.Release|Any CPU.ActiveCfg = Release|Any CPU
		{5E4EEE5A-B0FA-44F3-A356-5CBA2E75832E}.Release|Any CPU.Build.0 = Release|Any CPU
	EndGlobalSection
	GlobalSection(SolutionProperties) = preSolution
		HideSolutionNode = FALSE
	EndGlobalSection
EndGlobal
